
Microsoft Visual Studio Solution File, Format Version 12.00
# Visual Studio 15
VisualStudioVersion = 15.0.27004.2008
MinimumVisualStudioVersion = 10.0.40219.1
Project("{FAE04EC0-301F-11D3-BF4B-00C04F79EFBC}") = "test_clr_callback", "test_clr_callback\test_clr_callback.csproj", "{847AACC6-C38D-4DC8-914B-D8FF2EE92741}"
EndProject
Project("{8BC9CEB8-8B4A-11D0-8D11-00A0C91BC942}") = "test_clr_library", "test_clr_library\test_clr_library.vcxproj", "{1E7C8804-810B-4228-A8AD-71BB883C4DA4}"
EndProject
Global
	GlobalSection(SolutionConfigurationPlatforms) = preSolution
		Debug|Any CPU = Debug|Any CPU
		Debug|x64 = Debug|x64
		Debug|x86 = Debug|x86
		Release|Any CPU = Release|Any CPU
		Release|x64 = Release|x64
		Release|x86 = Release|x86
	EndGlobalSection
	GlobalSection(ProjectConfigurationPlatforms) = postSolution
		{847AACC6-C38D-4DC8-914B-D8FF2EE92741}.Debug|Any CPU.ActiveCfg = Debug|Any CPU
		{847AACC6-C38D-4DC8-914B-D8FF2EE92741}.Debug|Any CPU.Build.0 = Debug|Any CPU
		{847AACC6-C38D-4DC8-914B-D8FF2EE92741}.Debug|x64.ActiveCfg = Debug|Any CPU
		{847AACC6-C38D-4DC8-914B-D8FF2EE92741}.Debug|x64.Build.0 = Debug|Any CPU
		{847AACC6-C38D-4DC8-914B-D8FF2EE92741}.Debug|x86.ActiveCfg = Debug|Any CPU
		{847AACC6-C38D-4DC8-914B-D8FF2EE92741}.Debug|x86.Build.0 = Debug|Any CPU
		{847AACC6-C38D-4DC8-914B-D8FF2EE92741}.Release|Any CPU.ActiveCfg = Release|Any CPU
		{847AACC6-C38D-4DC8-914B-D8FF2EE92741}.Release|Any CPU.Build.0 = Release|Any CPU
		{847AACC6-C38D-4DC8-914B-D8FF2EE92741}.Release|x64.ActiveCfg = Release|Any CPU
		{847AACC6-C38D-4DC8-914B-D8FF2EE92741}.Release|x64.Build.0 = Release|Any CPU
		{847AACC6-C38D-4DC8-914B-D8FF2EE92741}.Release|x86.ActiveCfg = Release|Any CPU
		{847AACC6-C38D-4DC8-914B-D8FF2EE92741}.Release|x86.Build.0 = Release|Any CPU
		{1E7C8804-810B-4228-A8AD-71BB883C4DA4}.Debug|Any CPU.ActiveCfg = Debug|Win32
		{1E7C8804-810B-4228-A8AD-71BB883C4DA4}.Debug|x64.ActiveCfg = Debug|x64
		{1E7C8804-810B-4228-A8AD-71BB883C4DA4}.Debug|x64.Build.0 = Debug|x64
		{1E7C8804-810B-4228-A8AD-71BB883C4DA4}.Debug|x86.ActiveCfg = Debug|Win32
		{1E7C8804-810B-4228-A8AD-71BB883C4DA4}.Debug|x86.Build.0 = Debug|Win32
		{1E7C8804-810B-4228-A8AD-71BB883C4DA4}.Release|Any CPU.ActiveCfg = Release|Win32
		{1E7C8804-810B-4228-A8AD-71BB883C4DA4}.Release|x64.ActiveCfg = Release|x64
		{1E7C8804-810B-4228-A8AD-71BB883C4DA4}.Release|x64.Build.0 = Release|x64
		{1E7C8804-810B-4228-A8AD-71BB883C4DA4}.Release|x86.ActiveCfg = Release|Win32
		{1E7C8804-810B-4228-A8AD-71BB883C4DA4}.Release|x86.Build.0 = Release|Win32
	EndGlobalSection
	GlobalSection(SolutionProperties) = preSolution
		HideSolutionNode = FALSE
	EndGlobalSection
	GlobalSection(ExtensibilityGlobals) = postSolution
		SolutionGuid = {DC663C5C-CC3C-4C5B-BC97-C2A8C6904DB5}
	EndGlobalSection
EndGlobal
